
Microsoft Visual Studio Solution File, Format Version 12.00
# Visual Studio Version 16
VisualStudioVersion = 16.0.31229.75
MinimumVisualStudioVersion = 10.0.40219.1
Project("{8BC9CEB8-8B4A-11D0-8D11-00A0C91BC942}") = "SK-Lib-cmath-exp2-Bagian5__CPP", "SK-Lib-cmath-exp2-Bagian5__CPP\SK-Lib-cmath-exp2-Bagian5__CPP.vcxproj", "{A0A35E2E-00EF-487E-B3E3-7D90C0ADA97C}"
EndProject
Global
	GlobalSection(SolutionConfigurationPlatforms) = preSolution
		Debug|x64 = Debug|x64
		Debug|x86 = Debug|x86
		Release|x64 = Release|x64
		Release|x86 = Release|x86
	EndGlobalSection
	GlobalSection(ProjectConfigurationPlatforms) = postSolution
		{A0A35E2E-00EF-487E-B3E3-7D90C0ADA97C}.Debug|x64.ActiveCfg = Debug|x64
		{A0A35E2E-00EF-487E-B3E3-7D90C0ADA97C}.Debug|x64.Build.0 = Debug|x64
		{A0A35E2E-00EF-487E-B3E3-7D90C0ADA97C}.Debug|x86.ActiveCfg = Debug|Win32
		{A0A35E2E-00EF-487E-B3E3-7D90C0ADA97C}.Debug|x86.Build.0 = Debug|Win32
		{A0A35E2E-00EF-487E-B3E3-7D90C0ADA97C}.Release|x64.ActiveCfg = Release|x64
		{A0A35E2E-00EF-487E-B3E3-7D90C0ADA97C}.Release|x64.Build.0 = Release|x64
		{A0A35E2E-00EF-487E-B3E3-7D90C0ADA97C}.Release|x86.ActiveCfg = Release|Win32
		{A0A35E2E-00EF-487E-B3E3-7D90C0ADA97C}.Release|x86.Build.0 = Release|Win32
	EndGlobalSection
	GlobalSection(SolutionProperties) = preSolution
		HideSolutionNode = FALSE
	EndGlobalSection
	GlobalSection(ExtensibilityGlobals) = postSolution
		SolutionGuid = {07F7D0D5-BC33-456C-AA2E-58564B581CF0}
	EndGlobalSection
EndGlobal
